{
  "name": "estree-doc",
  "lockfileVersion": 2,
  "requires": true,
  "packages": {
    "": {
      "dependencies": {
        "retypeapp": "^1.11.1"
      }
    },
    "node_modules/retypeapp": {
      "version": "1.11.1",
      "resolved": "https://registry.npmjs.org/retypeapp/-/retypeapp-1.11.1.tgz",
      "integrity": "sha512-O++fEA54T8yH00mHY0qUiF64oJ1+Qxcxd6Vrl/gBdG0bOFemnF9XleDzarmb/OF58ZQ/G2xY46PpptE02VFYXA==",
      "bin": {
        "retype": "retype.js"
      }
    }
  },
  "dependencies": {
    "retypeapp": {
      "version": "1.11.1",
      "resolved": "https://registry.npmjs.org/retypeapp/-/retypeapp-1.11.1.tgz",
      "integrity": "sha512-O++fEA54T8yH00mHY0qUiF64oJ1+Qxcxd6Vrl/gBdG0bOFemnF9XleDzarmb/OF58ZQ/G2xY46PpptE02VFYXA=="
    }
  }
}
